{
  "name": "mpe",
  "version": "0.0.1",
  "lockfileVersion": 1,
  "requires": true,
  "dependencies": {
    "kotlin": {
      "version": "1.2.21",
      "resolved": "https://registry.npmjs.org/kotlin/-/kotlin-1.2.21.tgz",
      "integrity": "sha1-Tq8wsL9RUgA7yNZP0U5+EoEQFKg="
    },
    "kotlin-test": {
      "version": "1.2.21",
      "resolved": "https://registry.npmjs.org/kotlin-test/-/kotlin-test-1.2.21.tgz",
      "integrity": "sha1-j7UZQdsZ1z9xC2aBD7zPXv/hOJ8=",
      "requires": {
        "kotlin": "1.2.21"
      }
    }
  }
}
